{
  "requires": true,
  "lockfileVersion": 1,
  "dependencies": {
    "responsive-react": {
      "version": "2.0.2",
      "resolved": "https://registry.npmjs.org/responsive-react/-/responsive-react-2.0.2.tgz",
      "integrity": "sha512-qhfSLq4FeRRgP6yLgo4iu2qGWH8fpajq4r5OVcxVBE4XhyVM1/2viP8syDnkMo0sd7jyF/OuaZJGPIrenrwCnA=="
    }
  }
}
